// !$*UTF8*$!
{
	archiveVersion = 1;
	classes = {
	};
	objectVersion = 56;
	objects = {

/* Begin PBXBuildFile section */
		553D0AF72B82224800AF9E9B /* main.swift in Sources */ = {isa = PBXBuildFile; fileRef = 553D0AF62B82224800AF9E9B /* main.swift */; };
		553D0B042B82225500AF9E9B /* BowlingGameTDDTests.swift in Sources */ = {isa = PBXBuildFile; fileRef = 553D0B032B82225500AF9E9B /* BowlingGameTDDTests.swift */; };
/* End PBXBuildFile section */

/* Begin PBXCopyFilesBuildPhase section */
		553D0AF12B82224800AF9E9B /* CopyFiles */ = {
			isa = PBXCopyFilesBuildPhase;
			buildActionMask = 2147483647;
			dstPath = /usr/share/man/man1/;
			dstSubfolderSpec = 0;
			files = (
			);
			runOnlyForDeploymentPostprocessing = 1;
		};
/* End PBXCopyFilesBuildPhase section */

/* Begin PBXFileReference section */
		553D0AF32B82224800AF9E9B /* BowlingGameTDD */ = {isa = PBXFileReference; explicitFileType = "compiled.mach-o.executable"; includeInIndex = 0; path = BowlingGameTDD; sourceTree = BUILT_PRODUCTS_DIR; };
		553D0AF62B82224800AF9E9B /* main.swift */ = {isa = PBXFileReference; lastKnownFileType = sourcecode.swift; path = main.swift; sourceTree = "<group>"; };
		553D0B012B82225500AF9E9B /* BowlingGameTDDTests.xctest */ = {isa = PBXFileReference; explicitFileType = wrapper.cfbundle; includeInIndex = 0; path = BowlingGameTDDTests.xctest; sourceTree = BUILT_PRODUCTS_DIR; };
		553D0B032B82225500AF9E9B /* BowlingGameTDDTests.swift */ = {isa = PBXFileReference; lastKnownFileType = sourcecode.swift; path = BowlingGameTDDTests.swift; sourceTree = "<group>"; };
/* End PBXFileReference section */

/* Begin PBXFrameworksBuildPhase section */
		553D0AF02B82224800AF9E9B /* Frameworks */ = {
			isa = PBXFrameworksBuildPhase;
			buildActionMask = 2147483647;
			files = (
			);
			runOnlyForDeploymentPostprocessing = 0;
		};
		553D0AFE2B82225500AF9E9B /* Frameworks */ = {
			isa = PBXFrameworksBuildPhase;
			buildActionMask = 2147483647;
			files = (
			);
			runOnlyForDeploymentPostprocessing = 0;
		};
/* End PBXFrameworksBuildPhase section */

/* Begin PBXGroup section */
		553D0AEA2B82224800AF9E9B = {
			isa = PBXGroup;
			children = (
				553D0AF52B82224800AF9E9B /* BowlingGameTDD */,
				553D0B022B82225500AF9E9B /* BowlingGameTDDTests */,
				553D0AF42B82224800AF9E9B /* Products */,
			);
			sourceTree = "<group>";
		};
		553D0AF42B82224800AF9E9B /* Products */ = {
			isa = PBXGroup;
			children = (
				553D0AF32B82224800AF9E9B /* BowlingGameTDD */,
				553D0B012B82225500AF9E9B /* BowlingGameTDDTests.xctest */,
			);
			name = Products;
			sourceTree = "<group>";
		};
		553D0AF52B82224800AF9E9B /* BowlingGameTDD */ = {
			isa = PBXGroup;
			children = (
				553D0AF62B82224800AF9E9B /* main.swift */,
			);
			path = BowlingGameTDD;
			sourceTree = "<group>";
		};
		553D0B022B82225500AF9E9B /* BowlingGameTDDTests */ = {
			isa = PBXGroup;
			children = (
				553D0B032B82225500AF9E9B /* BowlingGameTDDTests.swift */,
			);
			path = BowlingGameTDDTests;
			sourceTree = "<group>";
		};
/* End PBXGroup section */

/* Begin PBXNativeTarget section */
		553D0AF22B82224800AF9E9B /* BowlingGameTDD */ = {
			isa = PBXNativeTarget;
			buildConfigurationList = 553D0AFA2B82224800AF9E9B /* Build configuration list for PBXNativeTarget "BowlingGameTDD" */;
			buildPhases = (
				553D0AEF2B82224800AF9E9B /* Sources */,
				553D0AF02B82224800AF9E9B /* Frameworks */,
				553D0AF12B82224800AF9E9B /* CopyFiles */,
			);
			buildRules = (
			);
			dependencies = (
			);
			name = BowlingGameTDD;
			productName = BowlingGameTDD;
			productReference = 553D0AF32B82224800AF9E9B /* BowlingGameTDD */;
			productType = "com.apple.product-type.tool";
		};
		553D0B002B82225500AF9E9B /* BowlingGameTDDTests */ = {
			isa = PBXNativeTarget;
			buildConfigurationList = 553D0B052B82225500AF9E9B /* Build configuration list for PBXNativeTarget "BowlingGameTDDTests" */;
			buildPhases = (
				553D0AFD2B82225500AF9E9B /* Sources */,
				553D0AFE2B82225500AF9E9B /* Frameworks */,
				553D0AFF2B82225500AF9E9B /* Resources */,
			);
			buildRules = (
			);
			dependencies = (
			);
			name = BowlingGameTDDTests;
			productName = BowlingGameTDDTests;
			productReference = 553D0B012B82225500AF9E9B /* BowlingGameTDDTests.xctest */;
			productType = "com.apple.product-type.bundle.unit-test";
		};
/* End PBXNativeTarget section */

/* Begin PBXProject section */
		553D0AEB2B82224800AF9E9B /* Project object */ = {
			isa = PBXProject;
			attributes = {
				BuildIndependentTargetsInParallel = 1;
				LastSwiftUpdateCheck = 1520;
				LastUpgradeCheck = 1520;
				TargetAttributes = {
					553D0AF22B82224800AF9E9B = {
						CreatedOnToolsVersion = 15.2;
					};
					553D0B002B82225500AF9E9B = {
						CreatedOnToolsVersion = 15.2;
					};
				};
			};
			buildConfigurationList = 553D0AEE2B82224800AF9E9B /* Build configuration list for PBXProject "BowlingGameTDD" */;
			compatibilityVersion = "Xcode 14.0";
			developmentRegion = en;
			hasScannedForEncodings = 0;
			knownRegions = (
				en,
				Base,
			);
			mainGroup = 553D0AEA2B82224800AF9E9B;
			productRefGroup = 553D0AF42B82224800AF9E9B /* Products */;
			projectDirPath = "";
			projectRoot = "";
			targets = (
				553D0AF22B82224800AF9E9B /* BowlingGameTDD */,
				553D0B002B82225500AF9E9B /* BowlingGameTDDTests */,
			);
		};
/* End PBXProject section */

/* Begin PBXResourcesBuildPhase section */
		553D0AFF2B82225500AF9E9B /* Resources */ = {
			isa = PBXResourcesBuildPhase;
			buildActionMask = 2147483647;
			files = (
			);
			runOnlyForDeploymentPostprocessing = 0;
		};
/* End PBXResourcesBuildPhase section */

/* Begin PBXSourcesBuildPhase section */
		553D0AEF2B82224800AF9E9B /* Sources */ = {
			isa = PBXSourcesBuildPhase;
			buildActionMask = 2147483647;
			files = (
				553D0AF72B82224800AF9E9B /* main.swift in Sources */,
			);
			runOnlyForDeploymentPostprocessing = 0;
		};
		553D0AFD2B82225500AF9E9B /* Sources */ = {
			isa = PBXSourcesBuildPhase;
			buildActionMask = 2147483647;
			files = (
				553D0B042B82225500AF9E9B /* BowlingGameTDDTests.swift in Sources */,
			);
			runOnlyForDeploymentPostprocessing = 0;
		};
/* End PBXSourcesBuildPhase section */

/* Begin XCBuildConfiguration section */
		553D0AF82B82224800AF9E9B /* Debug */ = {
			isa = XCBuildConfiguration;
			buildSettings = {
				ALWAYS_SEARCH_USER_PATHS = NO;
				ASSETCATALOG_COMPILER_GENERATE_SWIFT_ASSET_SYMBOL_EXTENSIONS = YES;
				CLANG_ANALYZER_NONNULL = YES;
				CLANG_ANALYZER_NUMBER_OBJECT_CONVERSION = YES_AGGRESSIVE;
				CLANG_CXX_LANGUAGE_STANDARD = "gnu++20";
				CLANG_ENABLE_MODULES = YES;
				CLANG_ENABLE_OBJC_ARC = YES;
				CLANG_ENABLE_OBJC_WEAK = YES;
				CLANG_WARN_BLOCK_CAPTURE_AUTORELEASING = YES;
				CLANG_WARN_BOOL_CONVERSION = YES;
				CLANG_WARN_COMMA = YES;
				CLANG_WARN_CONSTANT_CONVERSION = YES;
				CLANG_WARN_DEPRECATED_OBJC_IMPLEMENTATIONS = YES;
				CLANG_WARN_DIRECT_OBJC_ISA_USAGE = YES_ERROR;
				CLANG_WARN_DOCUMENTATION_COMMENTS = YES;
				CLANG_WARN_EMPTY_BODY = YES;
				CLANG_WARN_ENUM_CONVERSION = YES;
				CLANG_WARN_INFINITE_RECURSION = YES;
				CLANG_WARN_INT_CONVERSION = YES;
				CLANG_WARN_NON_LITERAL_NULL_CONVERSION = YES;
				CLANG_WARN_OBJC_IMPLICIT_RETAIN_SELF = YES;
				CLANG_WARN_OBJC_LITERAL_CONVERSION = YES;
				CLANG_WARN_OBJC_ROOT_CLASS = YES_ERROR;
				CLANG_WARN_QUOTED_INCLUDE_IN_FRAMEWORK_HEADER = YES;
				CLANG_WARN_RANGE_LOOP_ANALYSIS = YES;
				CLANG_WARN_STRICT_PROTOTYPES = YES;
				CLANG_WARN_SUSPICIOUS_MOVE = YES;
				CLANG_WARN_UNGUARDED_AVAILABILITY = YES_AGGRESSIVE;
				CLANG_WARN_UNREACHABLE_CODE = YES;
				CLANG_WARN__DUPLICATE_METHOD_MATCH = YES;
				COPY_PHASE_STRIP = NO;
				DEBUG_INFORMATION_FORMAT = dwarf;
				ENABLE_STRICT_OBJC_MSGSEND = YES;
				ENABLE_TESTABILITY = YES;
				ENABLE_USER_SCRIPT_SANDBOXING = YES;
				GCC_C_LANGUAGE_STANDARD = gnu17;
				GCC_DYNAMIC_NO_PIC = NO;
				GCC_NO_COMMON_BLOCKS = YES;
				GCC_OPTIMIZATION_LEVEL = 0;
				GCC_PREPROCESSOR_DEFINITIONS = (
					"DEBUG=1",
					"$(inherited)",
				);
				GCC_WARN_64_TO_32_BIT_CONVERSION = YES;
				GCC_WARN_ABOUT_RETURN_TYPE = YES_ERROR;
				GCC_WARN_UNDECLARED_SELECTOR = YES;
				GCC_WARN_UNINITIALIZED_AUTOS = YES_AGGRESSIVE;
				GCC_WARN_UNUSED_FUNCTION = YES;
				GCC_WARN_UNUSED_VARIABLE = YES;
				LOCALIZATION_PREFERS_STRING_CATALOGS = YES;
				MACOSX_DEPLOYMENT_TARGET = 14.2;
				MTL_ENABLE_DEBUG_INFO = INCLUDE_SOURCE;
				MTL_FAST_MATH = YES;
				ONLY_ACTIVE_ARCH = YES;
				SDKROOT = macosx;
				SWIFT_ACTIVE_COMPILATION_CONDITIONS = "DEBUG $(inherited)";
				SWIFT_OPTIMIZATION_LEVEL = "-Onone";
			};
			name = Debug;
		};
		553D0AF92B82224800AF9E9B /* Release */ = {
			isa = XCBuildConfiguration;
			buildSettings = {
				ALWAYS_SEARCH_USER_PATHS = NO;
				ASSETCATALOG_COMPILER_GENERATE_SWIFT_ASSET_SYMBOL_EXTENSIONS = YES;
				CLANG_ANALYZER_NONNULL = YES;
				CLANG_ANALYZER_NUMBER_OBJECT_CONVERSION = YES_AGGRESSIVE;
				CLANG_CXX_LANGUAGE_STANDARD = "gnu++20";
				CLANG_ENABLE_MODULES = YES;
				CLANG_ENABLE_OBJC_ARC = YES;
				CLANG_ENABLE_OBJC_WEAK = YES;
				CLANG_WARN_BLOCK_CAPTURE_AUTORELEASING = YES;
				CLANG_WARN_BOOL_CONVERSION = YES;
				CLANG_WARN_COMMA = YES;
				CLANG_WARN_CONSTANT_CONVERSION = YES;
				CLANG_WARN_DEPRECATED_OBJC_IMPLEMENTATIONS = YES;
				CLANG_WARN_DIRECT_OBJC_ISA_USAGE = YES_ERROR;
				CLANG_WARN_DOCUMENTATION_COMMENTS = YES;
				CLANG_WARN_EMPTY_BODY = YES;
				CLANG_WARN_ENUM_CONVERSION = YES;
				CLANG_WARN_INFINITE_RECURSION = YES;
				CLANG_WARN_INT_CONVERSION = YES;
				CLANG_WARN_NON_LITERAL_NULL_CONVERSION = YES;
				CLANG_WARN_OBJC_IMPLICIT_RETAIN_SELF = YES;
				CLANG_WARN_OBJC_LITERAL_CONVERSION = YES;
				CLANG_WARN_OBJC_ROOT_CLASS = YES_ERROR;
				CLANG_WARN_QUOTED_INCLUDE_IN_FRAMEWORK_HEADER = YES;
				CLANG_WARN_RANGE_LOOP_ANALYSIS = YES;
				CLANG_WARN_STRICT_PROTOTYPES = YES;
				CLANG_WARN_SUSPICIOUS_MOVE = YES;
				CLANG_WARN_UNGUARDED_AVAILABILITY = YES_AGGRESSIVE;
				CLANG_WARN_UNREACHABLE_CODE = YES;
				CLANG_WARN__DUPLICATE_METHOD_MATCH = YES;
				COPY_PHASE_STRIP = NO;
				DEBUG_INFORMATION_FORMAT = "dwarf-with-dsym";
				ENABLE_NS_ASSERTIONS = NO;
				ENABLE_STRICT_OBJC_MSGSEND = YES;
				ENABLE_USER_SCRIPT_SANDBOXING = YES;
				GCC_C_LANGUAGE_STANDARD = gnu17;
				GCC_NO_COMMON_BLOCKS = YES;
				GCC_WARN_64_TO_32_BIT_CONVERSION = YES;
				GCC_WARN_ABOUT_RETURN_TYPE = YES_ERROR;
				GCC_WARN_UNDECLARED_SELECTOR = YES;
				GCC_WARN_UNINITIALIZED_AUTOS = YES_AGGRESSIVE;
				GCC_WARN_UNUSED_FUNCTION = YES;
				GCC_WARN_UNUSED_VARIABLE = YES;
				LOCALIZATION_PREFERS_STRING_CATALOGS = YES;
				MACOSX_DEPLOYMENT_TARGET = 14.2;
				MTL_ENABLE_DEBUG_INFO = NO;
				MTL_FAST_MATH = YES;
				SDKROOT = macosx;
				SWIFT_COMPILATION_MODE = wholemodule;
			};
			name = Release;
		};
		553D0AFB2B82224800AF9E9B /* Debug */ = {
			isa = XCBuildConfiguration;
			buildSettings = {
				CODE_SIGN_STYLE = Automatic;
				DEVELOPMENT_TEAM = Q9ARVAPAG3;
				ENABLE_HARDENED_RUNTIME = YES;
				PRODUCT_NAME = "$(TARGET_NAME)";
				SWIFT_VERSION = 5.0;
			};
			name = Debug;
		};
		553D0AFC2B82224800AF9E9B /* Release */ = {
			isa = XCBuildConfiguration;
			buildSettings = {
				CODE_SIGN_STYLE = Automatic;
				DEVELOPMENT_TEAM = Q9ARVAPAG3;
				ENABLE_HARDENED_RUNTIME = YES;
				PRODUCT_NAME = "$(TARGET_NAME)";
				SWIFT_VERSION = 5.0;
			};
			name = Release;
		};
		553D0B062B82225500AF9E9B /* Debug */ = {
			isa = XCBuildConfiguration;
			buildSettings = {
				CODE_SIGN_STYLE = Automatic;
				CURRENT_PROJECT_VERSION = 1;
				DEVELOPMENT_TEAM = Q9ARVAPAG3;
				GENERATE_INFOPLIST_FILE = YES;
				MARKETING_VERSION = 1.0;
				PRODUCT_BUNDLE_IDENTIFIER = com.mkg.BowlingGameTDDTests;
				PRODUCT_NAME = "$(TARGET_NAME)";
				SWIFT_EMIT_LOC_STRINGS = NO;
				SWIFT_VERSION = 5.0;
			};
			name = Debug;
		};
		553D0B072B82225500AF9E9B /* Release */ = {
			isa = XCBuildConfiguration;
			buildSettings = {
				CODE_SIGN_STYLE = Automatic;
				CURRENT_PROJECT_VERSION = 1;
				DEVELOPMENT_TEAM = Q9ARVAPAG3;
				GENERATE_INFOPLIST_FILE = YES;
				MARKETING_VERSION = 1.0;
				PRODUCT_BUNDLE_IDENTIFIER = com.mkg.BowlingGameTDDTests;
				PRODUCT_NAME = "$(TARGET_NAME)";
				SWIFT_EMIT_LOC_STRINGS = NO;
				SWIFT_VERSION = 5.0;
			};
			name = Release;
		};
/* End XCBuildConfiguration section */

/* Begin XCConfigurationList section */
		553D0AEE2B82224800AF9E9B /* Build configuration list for PBXProject "BowlingGameTDD" */ = {
			isa = XCConfigurationList;
			buildConfigurations = (
				553D0AF82B82224800AF9E9B /* Debug */,
				553D0AF92B82224800AF9E9B /* Release */,
			);
			defaultConfigurationIsVisible = 0;
			defaultConfigurationName = Release;
		};
		553D0AFA2B82224800AF9E9B /* Build configuration list for PBXNativeTarget "BowlingGameTDD" */ = {
			isa = XCConfigurationList;
			buildConfigurations = (
				553D0AFB2B82224800AF9E9B /* Debug */,
				553D0AFC2B82224800AF9E9B /* Release */,
			);
			defaultConfigurationIsVisible = 0;
			defaultConfigurationName = Release;
		};
		553D0B052B82225500AF9E9B /* Build configuration list for PBXNativeTarget "BowlingGameTDDTests" */ = {
			isa = XCConfigurationList;
			buildConfigurations = (
				553D0B062B82225500AF9E9B /* Debug */,
				553D0B072B82225500AF9E9B /* Release */,
			);
			defaultConfigurationIsVisible = 0;
			defaultConfigurationName = Release;
		};
/* End XCConfigurationList section */
	};
	rootObject = 553D0AEB2B82224800AF9E9B /* Project object */;
}
